version = 1
revision = 2
requires-python = ">=3.11"

[[package]]
name = "docstring-parser"
version = "0.1.0"
source = { virtual = "." }
dependencies = [
    { name = "tree-sitter" },
    { name = "tree-sitter-languages" },
]

[package.metadata]
requires-dist = [
    { name = "tree-sitter", specifier = "==0.21.0" },
    { name = "tree-sitter-languages", specifier = "==1.10.2" },
]

[[package]]
name = "tree-sitter"
version = "0.21.0"
source = { registry = "https://pypi.org/simple" }
sdist = { url = "https://files.pythonhosted.org/packages/6b/46/c28e3280b4219cb662dd826377c511a4ef9267da471a7859c911e596e785/tree-sitter-0.21.0.tar.gz", hash = "sha256:c74ec9eff30e0c5b9f00ee578cca64df322b9885c8a15364a2c537f485abcc77", size = 155436, upload-time = "2024-03-10T20:24:02.898Z" }
wheels = [
    { url = "https://files.pythonhosted.org/packages/af/e4/c20140468faa7c37ce08d9ec6830b1f5eb0e310ee128d77f9ab1882f92d1/tree_sitter-0.21.0-cp311-cp311-macosx_10_9_x86_64.whl", hash = "sha256:384c103edf6e5ac98710c1a71e2956849d692a0c47d55cd5ba3aedc000b7c3d6", size = 133290, upload-time = "2024-03-10T20:23:40.314Z" },
    { url = "https://files.pythonhosted.org/packages/e0/ce/4911165a4b0e913d73b411e1e6d96783bba62bddba948edcb4a9ef30bb3e/tree_sitter-0.21.0-cp311-cp311-macosx_11_0_arm64.whl", hash = "sha256:5ce18b46634a4132c6932e032ea4717e572cf0db40223afcf0eab69664ad3500", size = 125946, upload-time = "2024-03-10T20:23:42.039Z" },
    { url = "https://files.pythonhosted.org/packages/d7/a0/3589fca1044d954bda9d306eebdd57caf25a8c621a102b3bc950314851b8/tree_sitter-0.21.0-cp311-cp311-manylinux_2_17_x86_64.manylinux2014_x86_64.whl", hash = "sha256:3e2f0723c025bb532e9a0cad5e1b1f99b6e35049b948321c3ad7617be716bc7a", size = 498640, upload-time = "2024-03-10T20:23:43.748Z" },
    { url = "https://files.pythonhosted.org/packages/98/1e/a69f443b0fd406a07eff8a88ad33186d5de2cb703b6141ae799fafc7917d/tree_sitter-0.21.0-cp311-cp311-musllinux_1_1_x86_64.whl", hash = "sha256:63458f19b266d9ec58057d8435f92728a164a6debc24fb3c545664bc0b4fa087", size = 493619, upload-time = "2024-03-10T20:23:45.619Z" },
    { url = "https://files.pythonhosted.org/packages/d2/5a/6b47081ed5928ead57a7c71e91339292bb685c2df483018bc62c54221404/tree_sitter-0.21.0-cp311-cp311-win_amd64.whl", hash = "sha256:f308f7d05019c35d43ea609c1f04ed896fd713ddf5c95db92b3c56dbbd3c1e09", size = 109593, upload-time = "2024-03-10T20:23:47.641Z" },
]

[[package]]
name = "tree-sitter-languages"
version = "1.10.2"
source = { registry = "https://pypi.org/simple" }
dependencies = [
    { name = "tree-sitter" },
]
wheels = [
    { url = "https://files.pythonhosted.org/packages/24/6c/c310e958296ce12076bec846c0bb779bc114897b33901c4c51c09bb6b695/tree_sitter_languages-1.10.2-cp311-cp311-macosx_10_9_x86_64.whl", hash = "sha256:7eb7d7542b2091c875fe52719209631fca36f8c10fa66970d2c576ae6a1b8289", size = 8884893, upload-time = "2024-02-04T10:28:14.963Z" },
    { url = "https://files.pythonhosted.org/packages/65/82/183b039abe46d6753357019b4f0484d5b74973ee4675da2f26af5ba8dfdf/tree_sitter_languages-1.10.2-cp311-cp311-macosx_11_0_arm64.whl", hash = "sha256:6b41bcb00974b1c8a1800c7f1bb476a1d15a0463e760ee24872f2d53b08ee424", size = 9724629, upload-time = "2024-02-04T10:28:17.776Z" },
    { url = "https://files.pythonhosted.org/packages/ba/a2/e8272617901f896ae36459ed2a2ff06d9b1ff5e6157d034c5e2c9885c741/tree_sitter_languages-1.10.2-cp311-cp311-manylinux_2_17_aarch64.manylinux2014_aarch64.whl", hash = "sha256:6f370cd7845c6c81df05680d5bd96db8a99d32b56f4728c5d05978911130a853", size = 8669175, upload-time = "2024-02-04T10:28:19.819Z" },
    { url = "https://files.pythonhosted.org/packages/a6/97/2c72765a807ea226759a827324ed6a74382b4ae1b18321c67333199a4622/tree_sitter_languages-1.10.2-cp311-cp311-manylinux_2_17_i686.manylinux2014_i686.whl", hash = "sha256:a1dc195c88ef4c72607e112a809a69190e096a2e5ebc6201548b3e05fdd169ad", size = 8584029, upload-time = "2024-02-04T10:28:22.464Z" },
    { url = "https://files.pythonhosted.org/packages/96/81/ab4eda8dbd3f736fcc9a508bc69232d3b9076cd46b932d9bf9d49b9a1ec9/tree_sitter_languages-1.10.2-cp311-cp311-manylinux_2_17_x86_64.manylinux2014_x86_64.whl", hash = "sha256:9ae34ac314a7170be24998a0f994c1ac80761d8d4bd126af27ee53a023d3b849", size = 8422544, upload-time = "2024-02-04T10:28:25.104Z" },
    { url = "https://files.pythonhosted.org/packages/80/35/9af34d7259399179ecc2a9f8e73a795c1caf3220b01d566c3ddd20ed5e1c/tree_sitter_languages-1.10.2-cp311-cp311-musllinux_1_1_aarch64.whl", hash = "sha256:01b5742d5f5bd675489486b582bd482215880b26dde042c067f8265a6e925d9c", size = 9186540, upload-time = "2024-02-04T10:28:27.322Z" },
    { url = "https://files.pythonhosted.org/packages/a7/24/3e3d5a83578f9942ab882c9c89e757fd3e98ca7d68f7608c9702d8608a1c/tree_sitter_languages-1.10.2-cp311-cp311-musllinux_1_1_i686.whl", hash = "sha256:ab1cbc46244d34fd16f21edaa20231b2a57f09f092a06ee3d469f3117e6eb954", size = 9166371, upload-time = "2024-02-04T10:28:29.953Z" },
    { url = "https://files.pythonhosted.org/packages/f2/81/7792b474916541081533942598feaabc6e1df993892375a1a3d8f7100483/tree_sitter_languages-1.10.2-cp311-cp311-musllinux_1_1_x86_64.whl", hash = "sha256:0b1149e7467a4e92b8a70e6005fe762f880f493cf811fc003554b29f04f5e7c8", size = 8945341, upload-time = "2024-02-04T10:28:32.696Z" },
    { url = "https://files.pythonhosted.org/packages/6d/80/5e9679325e260cce2893b4a97a3914d5ed729024bb9b08a32d9b0d83ef7a/tree_sitter_languages-1.10.2-cp311-cp311-win32.whl", hash = "sha256:049276343962f4696390ee555acc2c1a65873270c66a6cbe5cb0bca83bcdf3c6", size = 8363372, upload-time = "2024-02-04T10:28:34.907Z" },
    { url = "https://files.pythonhosted.org/packages/d9/52/e122dfc6739664c963a62f4b6717853e86295659c8531e2f1842bad9aba5/tree_sitter_languages-1.10.2-cp311-cp311-win_amd64.whl", hash = "sha256:7f3fdd468a577f04db3b63454d939e26e360229b53c80361920aa1ebf2cd7491", size = 8269020, upload-time = "2024-02-04T10:28:37.43Z" },
    { url = "https://files.pythonhosted.org/packages/8d/bf/a9bd2d6ecbd053de0a5a50c150105b69c90eb49089f9e1d4fc4937e86adc/tree_sitter_languages-1.10.2-cp312-cp312-macosx_10_9_x86_64.whl", hash = "sha256:c0f4c8b2734c45859edc7fcaaeaab97a074114111b5ba51ab4ec7ed52104763c", size = 8884771, upload-time = "2024-02-04T10:28:39.655Z" },
    { url = "https://files.pythonhosted.org/packages/14/fb/1f6fe5903aeb7435cc66d4b56621e9a30a4de64420555b999de65b31fcae/tree_sitter_languages-1.10.2-cp312-cp312-macosx_11_0_arm64.whl", hash = "sha256:eecd3c1244ac3425b7a82ba9125b4ddb45d953bbe61de114c0334fd89b7fe782", size = 9724562, upload-time = "2024-02-04T10:28:42.275Z" },
    { url = "https://files.pythonhosted.org/packages/20/6c/1855a65c9d6b50600f7a68e0182153db7cb12ff81fdebd93e87851dfdd8f/tree_sitter_languages-1.10.2-cp312-cp312-manylinux_2_17_aarch64.manylinux2014_aarch64.whl", hash = "sha256:15db3c8510bc39a80147ee7421bf4782c15c09581c1dc2237ea89cefbd95b846", size = 8678682, upload-time = "2024-02-04T10:28:44.642Z" },
    { url = "https://files.pythonhosted.org/packages/d0/75/eff180f187ce4dc3e5177b3f8508e0061ea786ac44f409cf69cf24bf31a6/tree_sitter_languages-1.10.2-cp312-cp312-manylinux_2_17_i686.manylinux2014_i686.whl", hash = "sha256:92c6487a6feea683154d3e06e6db68c30e0ae749a7ce4ce90b9e4e46b78c85c7", size = 8595099, upload-time = "2024-02-04T10:28:47.767Z" },
    { url = "https://files.pythonhosted.org/packages/f2/e6/eddc76ad899d77adcb5fca6cdf651eb1d33b4a799456bf303540f6cf8204/tree_sitter_languages-1.10.2-cp312-cp312-manylinux_2_17_x86_64.manylinux2014_x86_64.whl", hash = "sha256:6d2f1cd1d1bdd65332f9c2b67d49dcf148cf1ded752851d159ac3e5ee4f4d260", size = 8433569, upload-time = "2024-02-04T10:28:50.404Z" },
    { url = "https://files.pythonhosted.org/packages/06/95/a13da048c33a876d0475974484bf66b1fae07226e8654b1365ab549309cd/tree_sitter_languages-1.10.2-cp312-cp312-musllinux_1_1_aarch64.whl", hash = "sha256:976c8039165b8e12f17a01ddee9f4e23ec6e352b165ad29b44d2bf04e2fbe77e", size = 9196003, upload-time = "2024-02-04T10:28:52.466Z" },
    { url = "https://files.pythonhosted.org/packages/ec/13/9e5cb03914d60dd51047ecbfab5400309fbab14bb25014af388f492da044/tree_sitter_languages-1.10.2-cp312-cp312-musllinux_1_1_i686.whl", hash = "sha256:dafbbdf16bf668a580902e1620f4baa1913e79438abcce721a50647564c687b9", size = 9175560, upload-time = "2024-02-04T10:28:55.064Z" },
    { url = "https://files.pythonhosted.org/packages/19/76/25bb32a9be1c476e388835d5c8de5af2920af055e295770003683896cfe2/tree_sitter_languages-1.10.2-cp312-cp312-musllinux_1_1_x86_64.whl", hash = "sha256:1aeabd3d60d6d276b73cd8f3739d595b1299d123cc079a317f1a5b3c5461e2ca", size = 8956249, upload-time = "2024-02-04T10:28:57.094Z" },
    { url = "https://files.pythonhosted.org/packages/52/01/8e2f97a444d25dde1380ec20b338722f733b6cc290524357b1be3dd452ab/tree_sitter_languages-1.10.2-cp312-cp312-win32.whl", hash = "sha256:fab8ee641914098e8933b87ea3d657bea4dd00723c1ee7038b847b12eeeef4f5", size = 8363094, upload-time = "2024-02-04T10:28:59.156Z" },
    { url = "https://files.pythonhosted.org/packages/47/58/0262e875dd899447476a8ffde7829df3716ffa772990095c65d6de1f053c/tree_sitter_languages-1.10.2-cp312-cp312-win_amd64.whl", hash = "sha256:5e606430d736367e5787fa5a7a0c5a1ec9b85eded0b3596bbc0d83532a40810b", size = 8268983, upload-time = "2024-02-04T10:29:00.987Z" },
]
